
Microsoft Visual Studio Solution File, Format Version 12.00
Project("{FAE04EC0-301F-11D3-BF4B-00C04F79EFBC}") = "Functions", "Functions\Functions.csproj", "{F2CFCA0F-C615-4B7B-89D5-EB6C8EC3ACD1}"
EndProject
Project("{2150E333-8FDC-42A3-9474-1A3956D46DE8}") = "Solution Items", "Solution Items", "{A7EF8833-F6BE-4EBD-8DB1-5AA8EDB5A16F}"
	ProjectSection(SolutionItems) = preProject
		docker-compose.yml = docker-compose.yml
		.scripts\clearDocker.sh = .scripts\clearDocker.sh
		.scripts\runDocker.sh = .scripts\runDocker.sh
	EndProjectSection
EndProject
Project("{FAE04EC0-301F-11D3-BF4B-00C04F79EFBC}") = "TestFunction", "TestFunction\TestFunction.csproj", "{BC3C484C-EFD0-45E5-BE6E-9212916489E4}"
EndProject
Global
	GlobalSection(SolutionConfigurationPlatforms) = preSolution
		Debug|Any CPU = Debug|Any CPU
		Release|Any CPU = Release|Any CPU
	EndGlobalSection
	GlobalSection(ProjectConfigurationPlatforms) = postSolution
		{F2CFCA0F-C615-4B7B-89D5-EB6C8EC3ACD1}.Debug|Any CPU.ActiveCfg = Debug|Any CPU
		{F2CFCA0F-C615-4B7B-89D5-EB6C8EC3ACD1}.Debug|Any CPU.Build.0 = Debug|Any CPU
		{F2CFCA0F-C615-4B7B-89D5-EB6C8EC3ACD1}.Release|Any CPU.ActiveCfg = Release|Any CPU
		{F2CFCA0F-C615-4B7B-89D5-EB6C8EC3ACD1}.Release|Any CPU.Build.0 = Release|Any CPU
		{BC3C484C-EFD0-45E5-BE6E-9212916489E4}.Debug|Any CPU.ActiveCfg = Debug|Any CPU
		{BC3C484C-EFD0-45E5-BE6E-9212916489E4}.Debug|Any CPU.Build.0 = Debug|Any CPU
		{BC3C484C-EFD0-45E5-BE6E-9212916489E4}.Release|Any CPU.ActiveCfg = Release|Any CPU
		{BC3C484C-EFD0-45E5-BE6E-9212916489E4}.Release|Any CPU.Build.0 = Release|Any CPU
	EndGlobalSection
EndGlobal
